{
  "name": "@mind-elixir/node-menu",
  "version": "1.0.0",
  "lockfileVersion": 2,
  "requires": true,
  "packages": {
    "": {
      "name": "@mind-elixir/node-menu",
      "version": "1.0.0",
      "dependencies": {
        "less": "^4.1.3"
      },
      "devDependencies": {
        "mind-elixir": "^2.0.1",
        "vite": "^3.0.0"
      }
    },
    "node_modules/@esbuild/android-arm": {
      "version": "0.15.18",
      "resolved": "https://mirrors.cloud.tencent.com/npm/@esbuild/android-arm/-/android-arm-0.15.18.tgz",
      "integrity": "sha512-5GT+kcs2WVGjVs7+boataCkO5Fg0y4kCjzkB5bAip7H4jfnOS3dA6KPiww9W1OEKTKeAcUVhdZGvgI65OXmUnw==",
      "cpu": [
        "arm"
      ],
      "dev": true,
      "optional": true,
      "os": [
        "android"
      ],
      "engines": {
        "node": ">=12"
      }
    },
    "node_modules/@esbuild/linux-loong64": {
      "version": "0.15.18",
      "resolved": "https://mirrors.cloud.tencent.com/npm/@esbuild/linux-loong64/-/linux-loong64-0.15.18.tgz",
      "integrity": "sha512-L4jVKS82XVhw2nvzLg/19ClLWg0y27ulRwuP7lcyL6AbUWB5aPglXY3M21mauDQMDfRLs8cQmeT03r/+X3cZYQ==",
      "cpu": [
        "loong64"
      ],
      "dev": true,
      "optional": true,
      "os": [
        "linux"
      ],
      "engines": {
        "node": ">=12"
      }
    },
    "node_modules/copy-anything": {
      "version": "2.0.6",
      "resolved": "https://mirrors.cloud.tencent.com/npm/copy-anything/-/copy-anything-2.0.6.tgz",
      "integrity": "sha512-1j20GZTsvKNkc4BY3NpMOM8tt///wY3FpIzozTOFO2ffuZcV61nojHXVKIy3WM+7ADCy5FVhdZYHYDdgTU0yJw==",
      "dependencies": {
        "is-what": "^3.14.1"
      },
      "funding": {
        "url": "https://github.com/sponsors/mesqueeb"
      }
    },
    "node_modules/debug": {
      "version": "3.2.7",
      "resolved": "https://mirrors.cloud.tencent.com/npm/debug/-/debug-3.2.7.tgz",
      "integrity": "sha512-CFjzYYAi4ThfiQvizrFQevTTXHtnCqWfe7x1AhgEscTz6ZbLbfoLRLPugTQyBth6f8ZERVUSyWHFD/7Wu4t1XQ==",
      "optional": true,
      "dependencies": {
        "ms": "^2.1.1"
      }
    },
    "node_modules/errno": {
      "version": "0.1.8",
      "resolved": "https://mirrors.cloud.tencent.com/npm/errno/-/errno-0.1.8.tgz",
      "integrity": "sha512-dJ6oBr5SQ1VSd9qkk7ByRgb/1SH4JZjCHSW/mr63/QcXO9zLVxvJ6Oy13nio03rxpSnVDDjFor75SjVeZWPW/A==",
      "optional": true,
      "dependencies": {
        "prr": "~1.0.1"
      },
      "bin": {
        "errno": "cli.js"
      }
    },
    "node_modules/esbuild": {
      "version": "0.15.18",
      "resolved": "https://mirrors.cloud.tencent.com/npm/esbuild/-/esbuild-0.15.18.tgz",
      "integrity": "sha512-x/R72SmW3sSFRm5zrrIjAhCeQSAWoni3CmHEqfQrZIQTM3lVCdehdwuIqaOtfC2slvpdlLa62GYoN8SxT23m6Q==",
      "dev": true,
      "hasInstallScript": true,
      "bin": {
        "esbuild": "bin/esbuild"
      },
      "engines": {
        "node": ">=12"
      },
      "optionalDependencies": {
        "@esbuild/android-arm": "0.15.18",
        "@esbuild/linux-loong64": "0.15.18",
        "esbuild-android-64": "0.15.18",
        "esbuild-android-arm64": "0.15.18",
        "esbuild-darwin-64": "0.15.18",
        "esbuild-darwin-arm64": "0.15.18",
        "esbuild-freebsd-64": "0.15.18",
        "esbuild-freebsd-arm64": "0.15.18",
        "esbuild-linux-32": "0.15.18",
        "esbuild-linux-64": "0.15.18",
        "esbuild-linux-arm": "0.15.18",
        "esbuild-linux-arm64": "0.15.18",
        "esbuild-linux-mips64le": "0.15.18",
        "esbuild-linux-ppc64le": "0.15.18",
        "esbuild-linux-riscv64": "0.15.18",
        "esbuild-linux-s390x": "0.15.18",
        "esbuild-netbsd-64": "0.15.18",
        "esbuild-openbsd-64": "0.15.18",
        "esbuild-sunos-64": "0.15.18",
        "esbuild-windows-32": "0.15.18",
        "esbuild-windows-64": "0.15.18",
        "esbuild-windows-arm64": "0.15.18"
      }
    },
    "node_modules/esbuild-android-64": {
      "version": "0.15.18",
      "resolved": "https://mirrors.cloud.tencent.com/npm/esbuild-android-64/-/esbuild-android-64-0.15.18.tgz",
      "integrity": "sha512-wnpt3OXRhcjfIDSZu9bnzT4/TNTDsOUvip0foZOUBG7QbSt//w3QV4FInVJxNhKc/ErhUxc5z4QjHtMi7/TbgA==",
      "cpu": [
        "x64"
      ],
      "dev": true,
      "optional": true,
      "os": [
        "android"
      ],
      "engines": {
        "node": ">=12"
      }
    },
    "node_modules/esbuild-android-arm64": {
      "version": "0.15.18",
      "resolved": "https://mirrors.cloud.tencent.com/npm/esbuild-android-arm64/-/esbuild-android-arm64-0.15.18.tgz",
      "integrity": "sha512-G4xu89B8FCzav9XU8EjsXacCKSG2FT7wW9J6hOc18soEHJdtWu03L3TQDGf0geNxfLTtxENKBzMSq9LlbjS8OQ==",
      "cpu": [
        "arm64"
      ],
      "dev": true,
      "optional": true,
      "os": [
        "android"
      ],
      "engines": {
        "node": ">=12"
      }
    },
    "node_modules/esbuild-darwin-64": {
      "version": "0.15.18",
      "resolved": "https://mirrors.cloud.tencent.com/npm/esbuild-darwin-64/-/esbuild-darwin-64-0.15.18.tgz",
      "integrity": "sha512-2WAvs95uPnVJPuYKP0Eqx+Dl/jaYseZEUUT1sjg97TJa4oBtbAKnPnl3b5M9l51/nbx7+QAEtuummJZW0sBEmg==",
      "cpu": [
        "x64"
      ],
      "dev": true,
      "optional": true,
      "os": [
        "darwin"
      ],
      "engines": {
        "node": ">=12"
      }
    },
    "node_modules/esbuild-darwin-arm64": {
      "version": "0.15.18",
      "resolved": "https://mirrors.cloud.tencent.com/npm/esbuild-darwin-arm64/-/esbuild-darwin-arm64-0.15.18.tgz",
      "integrity": "sha512-tKPSxcTJ5OmNb1btVikATJ8NftlyNlc8BVNtyT/UAr62JFOhwHlnoPrhYWz09akBLHI9nElFVfWSTSRsrZiDUA==",
      "cpu": [
        "arm64"
      ],
      "dev": true,
      "optional": true,
      "os": [
        "darwin"
      ],
      "engines": {
        "node": ">=12"
      }
    },
    "node_modules/esbuild-freebsd-64": {
      "version": "0.15.18",
      "resolved": "https://mirrors.cloud.tencent.com/npm/esbuild-freebsd-64/-/esbuild-freebsd-64-0.15.18.tgz",
      "integrity": "sha512-TT3uBUxkteAjR1QbsmvSsjpKjOX6UkCstr8nMr+q7zi3NuZ1oIpa8U41Y8I8dJH2fJgdC3Dj3CXO5biLQpfdZA==",
      "cpu": [
        "x64"
      ],
      "dev": true,
      "optional": true,
      "os": [
        "freebsd"
      ],
      "engines": {
        "node": ">=12"
      }
    },
    "node_modules/esbuild-freebsd-arm64": {
      "version": "0.15.18",
      "resolved": "https://mirrors.cloud.tencent.com/npm/esbuild-freebsd-arm64/-/esbuild-freebsd-arm64-0.15.18.tgz",
      "integrity": "sha512-R/oVr+X3Tkh+S0+tL41wRMbdWtpWB8hEAMsOXDumSSa6qJR89U0S/PpLXrGF7Wk/JykfpWNokERUpCeHDl47wA==",
      "cpu": [
        "arm64"
      ],
      "dev": true,
      "optional": true,
      "os": [
        "freebsd"
      ],
      "engines": {
        "node": ">=12"
      }
    },
    "node_modules/esbuild-linux-32": {
      "version": "0.15.18",
      "resolved": "https://mirrors.cloud.tencent.com/npm/esbuild-linux-32/-/esbuild-linux-32-0.15.18.tgz",
      "integrity": "sha512-lphF3HiCSYtaa9p1DtXndiQEeQDKPl9eN/XNoBf2amEghugNuqXNZA/ZovthNE2aa4EN43WroO0B85xVSjYkbg==",
      "cpu": [
        "ia32"
      ],
      "dev": true,
      "optional": true,
      "os": [
        "linux"
      ],
      "engines": {
        "node": ">=12"
      }
    },
    "node_modules/esbuild-linux-64": {
      "version": "0.15.18",
      "resolved": "https://mirrors.cloud.tencent.com/npm/esbuild-linux-64/-/esbuild-linux-64-0.15.18.tgz",
      "integrity": "sha512-hNSeP97IviD7oxLKFuii5sDPJ+QHeiFTFLoLm7NZQligur8poNOWGIgpQ7Qf8Balb69hptMZzyOBIPtY09GZYw==",
      "cpu": [
        "x64"
      ],
      "dev": true,
      "optional": true,
      "os": [
        "linux"
      ],
      "engines": {
        "node": ">=12"
      }
    },
    "node_modules/esbuild-linux-arm": {
      "version": "0.15.18",
      "resolved": "https://mirrors.cloud.tencent.com/npm/esbuild-linux-arm/-/esbuild-linux-arm-0.15.18.tgz",
      "integrity": "sha512-UH779gstRblS4aoS2qpMl3wjg7U0j+ygu3GjIeTonCcN79ZvpPee12Qun3vcdxX+37O5LFxz39XeW2I9bybMVA==",
      "cpu": [
        "arm"
      ],
      "dev": true,
      "optional": true,
      "os": [
        "linux"
      ],
      "engines": {
        "node": ">=12"
      }
    },
    "node_modules/esbuild-linux-arm64": {
      "version": "0.15.18",
      "resolved": "https://mirrors.cloud.tencent.com/npm/esbuild-linux-arm64/-/esbuild-linux-arm64-0.15.18.tgz",
      "integrity": "sha512-54qr8kg/6ilcxd+0V3h9rjT4qmjc0CccMVWrjOEM/pEcUzt8X62HfBSeZfT2ECpM7104mk4yfQXkosY8Quptug==",
      "cpu": [
        "arm64"
      ],
      "dev": true,
      "optional": true,
      "os": [
        "linux"
      ],
      "engines": {
        "node": ">=12"
      }
    },
    "node_modules/esbuild-linux-mips64le": {
      "version": "0.15.18",
      "resolved": "https://mirrors.cloud.tencent.com/npm/esbuild-linux-mips64le/-/esbuild-linux-mips64le-0.15.18.tgz",
      "integrity": "sha512-Mk6Ppwzzz3YbMl/ZZL2P0q1tnYqh/trYZ1VfNP47C31yT0K8t9s7Z077QrDA/guU60tGNp2GOwCQnp+DYv7bxQ==",
      "cpu": [
        "mips64el"
      ],
      "dev": true,
      "optional": true,
      "os": [
        "linux"
      ],
      "engines": {
        "node": ">=12"
      }
    },
    "node_modules/esbuild-linux-ppc64le": {
      "version": "0.15.18",
      "resolved": "https://mirrors.cloud.tencent.com/npm/esbuild-linux-ppc64le/-/esbuild-linux-ppc64le-0.15.18.tgz",
      "integrity": "sha512-b0XkN4pL9WUulPTa/VKHx2wLCgvIAbgwABGnKMY19WhKZPT+8BxhZdqz6EgkqCLld7X5qiCY2F/bfpUUlnFZ9w==",
      "cpu": [
        "ppc64"
      ],
      "dev": true,
      "optional": true,
      "os": [
        "linux"
      ],
      "engines": {
        "node": ">=12"
      }
    },
    "node_modules/esbuild-linux-riscv64": {
      "version": "0.15.18",
      "resolved": "https://mirrors.cloud.tencent.com/npm/esbuild-linux-riscv64/-/esbuild-linux-riscv64-0.15.18.tgz",
      "integrity": "sha512-ba2COaoF5wL6VLZWn04k+ACZjZ6NYniMSQStodFKH/Pu6RxzQqzsmjR1t9QC89VYJxBeyVPTaHuBMCejl3O/xg==",
      "cpu": [
        "riscv64"
      ],
      "dev": true,
      "optional": true,
      "os": [
        "linux"
      ],
      "engines": {
        "node": ">=12"
      }
    },
    "node_modules/esbuild-linux-s390x": {
      "version": "0.15.18",
      "resolved": "https://mirrors.cloud.tencent.com/npm/esbuild-linux-s390x/-/esbuild-linux-s390x-0.15.18.tgz",
      "integrity": "sha512-VbpGuXEl5FCs1wDVp93O8UIzl3ZrglgnSQ+Hu79g7hZu6te6/YHgVJxCM2SqfIila0J3k0csfnf8VD2W7u2kzQ==",
      "cpu": [
        "s390x"
      ],
      "dev": true,
      "optional": true,
      "os": [
        "linux"
      ],
      "engines": {
        "node": ">=12"
      }
    },
    "node_modules/esbuild-netbsd-64": {
      "version": "0.15.18",
      "resolved": "https://mirrors.cloud.tencent.com/npm/esbuild-netbsd-64/-/esbuild-netbsd-64-0.15.18.tgz",
      "integrity": "sha512-98ukeCdvdX7wr1vUYQzKo4kQ0N2p27H7I11maINv73fVEXt2kyh4K4m9f35U1K43Xc2QGXlzAw0K9yoU7JUjOg==",
      "cpu": [
        "x64"
      ],
      "dev": true,
      "optional": true,
      "os": [
        "netbsd"
      ],
      "engines": {
        "node": ">=12"
      }
    },
    "node_modules/esbuild-openbsd-64": {
      "version": "0.15.18",
      "resolved": "https://mirrors.cloud.tencent.com/npm/esbuild-openbsd-64/-/esbuild-openbsd-64-0.15.18.tgz",
      "integrity": "sha512-yK5NCcH31Uae076AyQAXeJzt/vxIo9+omZRKj1pauhk3ITuADzuOx5N2fdHrAKPxN+zH3w96uFKlY7yIn490xQ==",
      "cpu": [
        "x64"
      ],
      "dev": true,
      "optional": true,
      "os": [
        "openbsd"
      ],
      "engines": {
        "node": ">=12"
      }
    },
    "node_modules/esbuild-sunos-64": {
      "version": "0.15.18",
      "resolved": "https://mirrors.cloud.tencent.com/npm/esbuild-sunos-64/-/esbuild-sunos-64-0.15.18.tgz",
      "integrity": "sha512-On22LLFlBeLNj/YF3FT+cXcyKPEI263nflYlAhz5crxtp3yRG1Ugfr7ITyxmCmjm4vbN/dGrb/B7w7U8yJR9yw==",
      "cpu": [
        "x64"
      ],
      "dev": true,
      "optional": true,
      "os": [
        "sunos"
      ],
      "engines": {
        "node": ">=12"
      }
    },
    "node_modules/esbuild-windows-32": {
      "version": "0.15.18",
      "resolved": "https://mirrors.cloud.tencent.com/npm/esbuild-windows-32/-/esbuild-windows-32-0.15.18.tgz",
      "integrity": "sha512-o+eyLu2MjVny/nt+E0uPnBxYuJHBvho8vWsC2lV61A7wwTWC3jkN2w36jtA+yv1UgYkHRihPuQsL23hsCYGcOQ==",
      "cpu": [
        "ia32"
      ],
      "dev": true,
      "optional": true,
      "os": [
        "win32"
      ],
      "engines": {
        "node": ">=12"
      }
    },
    "node_modules/esbuild-windows-64": {
      "version": "0.15.18",
      "resolved": "https://mirrors.cloud.tencent.com/npm/esbuild-windows-64/-/esbuild-windows-64-0.15.18.tgz",
      "integrity": "sha512-qinug1iTTaIIrCorAUjR0fcBk24fjzEedFYhhispP8Oc7SFvs+XeW3YpAKiKp8dRpizl4YYAhxMjlftAMJiaUw==",
      "cpu": [
        "x64"
      ],
      "dev": true,
      "optional": true,
      "os": [
        "win32"
      ],
      "engines": {
        "node": ">=12"
      }
    },
    "node_modules/esbuild-windows-arm64": {
      "version": "0.15.18",
      "resolved": "https://mirrors.cloud.tencent.com/npm/esbuild-windows-arm64/-/esbuild-windows-arm64-0.15.18.tgz",
      "integrity": "sha512-q9bsYzegpZcLziq0zgUi5KqGVtfhjxGbnksaBFYmWLxeV/S1fK4OLdq2DFYnXcLMjlZw2L0jLsk1eGoB522WXQ==",
      "cpu": [
        "arm64"
      ],
      "dev": true,
      "optional": true,
      "os": [
        "win32"
      ],
      "engines": {
        "node": ">=12"
      }
    },
    "node_modules/fsevents": {
      "version": "2.3.2",
      "resolved": "https://mirrors.cloud.tencent.com/npm/fsevents/-/fsevents-2.3.2.tgz",
      "integrity": "sha512-xiqMQR4xAeHTuB9uWm+fFRcIOgKBMiOBP+eXiyT7jsgVCq1bkVygt00oASowB7EdtpOHaaPgKt812P9ab+DDKA==",
      "dev": true,
      "hasInstallScript": true,
      "optional": true,
      "os": [
        "darwin"
      ],
      "engines": {
        "node": "^8.16.0 || ^10.6.0 || >=11.0.0"
      }
    },
    "node_modules/function-bind": {
      "version": "1.1.1",
      "resolved": "https://mirrors.cloud.tencent.com/npm/function-bind/-/function-bind-1.1.1.tgz",
      "integrity": "sha512-yIovAzMX49sF8Yl58fSCWJ5svSLuaibPxXQJFLmBObTuCr0Mf1KiPopGM9NiFjiYBCbfaa2Fh6breQ6ANVTI0A==",
      "dev": true
    },
    "node_modules/graceful-fs": {
      "version": "4.2.11",
      "resolved": "https://mirrors.cloud.tencent.com/npm/graceful-fs/-/graceful-fs-4.2.11.tgz",
      "integrity": "sha512-RbJ5/jmFcNNCcDV5o9eTnBLJ/HszWV0P73bc+Ff4nS/rJj+YaS6IGyiOL0VoBYX+l1Wrl3k63h/KrH+nhJ0XvQ==",
      "optional": true
    },
    "node_modules/has": {
      "version": "1.0.3",
      "resolved": "https://mirrors.cloud.tencent.com/npm/has/-/has-1.0.3.tgz",
      "integrity": "sha512-f2dvO0VU6Oej7RkWJGrehjbzMAjFp5/VKPp5tTpWIV4JHHZK1/BxbFRtf/siA2SWTe09caDmVtYYzWEIbBS4zw==",
      "dev": true,
      "dependencies": {
        "function-bind": "^1.1.1"
      },
      "engines": {
        "node": ">= 0.4.0"
      }
    },
    "node_modules/iconv-lite": {
      "version": "0.6.3",
      "resolved": "https://mirrors.cloud.tencent.com/npm/iconv-lite/-/iconv-lite-0.6.3.tgz",
      "integrity": "sha512-4fCk79wshMdzMp2rH06qWrJE4iolqLhCUH+OiuIgU++RB0+94NlDL81atO7GX55uUKueo0txHNtvEyI6D7WdMw==",
      "optional": true,
      "dependencies": {
        "safer-buffer": ">= 2.1.2 < 3.0.0"
      },
      "engines": {
        "node": ">=0.10.0"
      }
    },
    "node_modules/image-size": {
      "version": "0.5.5",
      "resolved": "https://mirrors.cloud.tencent.com/npm/image-size/-/image-size-0.5.5.tgz",
      "integrity": "sha1-Cd/Uq50g4p6xw+gLiZA3jfnjy5w=",
      "optional": true,
      "bin": {
        "image-size": "bin/image-size.js"
      },
      "engines": {
        "node": ">=0.10.0"
      }
    },
    "node_modules/is-core-module": {
      "version": "2.11.0",
      "resolved": "https://mirrors.cloud.tencent.com/npm/is-core-module/-/is-core-module-2.11.0.tgz",
      "integrity": "sha512-RRjxlvLDkD1YJwDbroBHMb+cukurkDWNyHx7D3oNB5x9rb5ogcksMC5wHCadcXoo67gVr/+3GFySh3134zi6rw==",
      "dev": true,
      "dependencies": {
        "has": "^1.0.3"
      },
      "funding": {
        "url": "https://github.com/sponsors/ljharb"
      }
    },
    "node_modules/is-what": {
      "version": "3.14.1",
      "resolved": "https://mirrors.cloud.tencent.com/npm/is-what/-/is-what-3.14.1.tgz",
      "integrity": "sha512-sNxgpk9793nzSs7bA6JQJGeIuRBQhAaNGG77kzYQgMkrID+lS6SlK07K5LaptscDlSaIgH+GPFzf+d75FVxozA=="
    },
    "node_modules/less": {
      "version": "4.1.3",
      "resolved": "https://mirrors.cloud.tencent.com/npm/less/-/less-4.1.3.tgz",
      "integrity": "sha512-w16Xk/Ta9Hhyei0Gpz9m7VS8F28nieJaL/VyShID7cYvP6IL5oHeL6p4TXSDJqZE/lNv0oJ2pGVjJsRkfwm5FA==",
      "dependencies": {
        "copy-anything": "^2.0.1",
        "parse-node-version": "^1.0.1",
        "tslib": "^2.3.0"
      },
      "bin": {
        "lessc": "bin/lessc"
      },
      "engines": {
        "node": ">=6"
      },
      "optionalDependencies": {
        "errno": "^0.1.1",
        "graceful-fs": "^4.1.2",
        "image-size": "~0.5.0",
        "make-dir": "^2.1.0",
        "mime": "^1.4.1",
        "needle": "^3.1.0",
        "source-map": "~0.6.0"
      }
    },
    "node_modules/make-dir": {
      "version": "2.1.0",
      "resolved": "https://mirrors.cloud.tencent.com/npm/make-dir/-/make-dir-2.1.0.tgz",
      "integrity": "sha512-LS9X+dc8KLxXCb8dni79fLIIUA5VyZoyjSMCwTluaXA0o27cCK0bhXkpgw+sTXVpPy/lSO57ilRixqk0vDmtRA==",
      "optional": true,
      "dependencies": {
        "pify": "^4.0.1",
        "semver": "^5.6.0"
      },
      "engines": {
        "node": ">=6"
      }
    },
    "node_modules/mime": {
      "version": "1.6.0",
      "resolved": "https://mirrors.cloud.tencent.com/npm/mime/-/mime-1.6.0.tgz",
      "integrity": "sha512-x0Vn8spI+wuJ1O6S7gnbaQg8Pxh4NNHb7KSINmEWKiPE4RKOplvijn+NkmYmmRgP68mc70j2EbeTFRsrswaQeg==",
      "optional": true,
      "bin": {
        "mime": "cli.js"
      },
      "engines": {
        "node": ">=4"
      }
    },
    "node_modules/mind-elixir": {
      "version": "2.0.1",
      "resolved": "https://mirrors.cloud.tencent.com/npm/mind-elixir/-/mind-elixir-2.0.1.tgz",
      "integrity": "sha512-x01QLD+8+/7Y3nB00PSEWfNmF4MjkzNM4qIEhT0/zGukzsRbwA6Pc0C/D/DxKQrHT+jLqGE6d9KJKQQVyDG7MQ==",
      "dev": true
    },
    "node_modules/ms": {
      "version": "2.1.3",
      "resolved": "https://mirrors.cloud.tencent.com/npm/ms/-/ms-2.1.3.tgz",
      "integrity": "sha512-6FlzubTLZG3J2a/NVCAleEhjzq5oxgHyaCU9yYXvcLsvoVaHJq/s5xXI6/XXP6tz7R9xAOtHnSO/tXtF3WRTlA==",
      "optional": true
    },
    "node_modules/nanoid": {
      "version": "3.3.6",
      "resolved": "https://mirrors.cloud.tencent.com/npm/nanoid/-/nanoid-3.3.6.tgz",
      "integrity": "sha512-BGcqMMJuToF7i1rt+2PWSNVnWIkGCU78jBG3RxO/bZlnZPK2Cmi2QaffxGO/2RvWi9sL+FAiRiXMgsyxQ1DIDA==",
      "dev": true,
      "funding": [
        {
          "type": "github",
          "url": "https://github.com/sponsors/ai"
        }
      ],
      "bin": {
        "nanoid": "bin/nanoid.cjs"
      },
      "engines": {
        "node": "^10 || ^12 || ^13.7 || ^14 || >=15.0.1"
      }
    },
    "node_modules/needle": {
      "version": "3.2.0",
      "resolved": "https://mirrors.cloud.tencent.com/npm/needle/-/needle-3.2.0.tgz",
      "integrity": "sha512-oUvzXnyLiVyVGoianLijF9O/RecZUf7TkBfimjGrLM4eQhXyeJwM6GeAWccwfQ9aa4gMCZKqhAOuLaMIcQxajQ==",
      "optional": true,
      "dependencies": {
        "debug": "^3.2.6",
        "iconv-lite": "^0.6.3",
        "sax": "^1.2.4"
      },
      "bin": {
        "needle": "bin/needle"
      },
      "engines": {
        "node": ">= 4.4.x"
      }
    },
    "node_modules/parse-node-version": {
      "version": "1.0.1",
      "resolved": "https://mirrors.cloud.tencent.com/npm/parse-node-version/-/parse-node-version-1.0.1.tgz",
      "integrity": "sha512-3YHlOa/JgH6Mnpr05jP9eDG254US9ek25LyIxZlDItp2iJtwyaXQb57lBYLdT3MowkUFYEV2XXNAYIPlESvJlA==",
      "engines": {
        "node": ">= 0.10"
      }
    },
    "node_modules/path-parse": {
      "version": "1.0.7",
      "resolved": "https://mirrors.cloud.tencent.com/npm/path-parse/-/path-parse-1.0.7.tgz",
      "integrity": "sha512-LDJzPVEEEPR+y48z93A0Ed0yXb8pAByGWo/k5YYdYgpY2/2EsOsksJrq7lOHxryrVOn1ejG6oAp8ahvOIQD8sw==",
      "dev": true
    },
    "node_modules/picocolors": {
      "version": "1.0.0",
      "resolved": "https://mirrors.cloud.tencent.com/npm/picocolors/-/picocolors-1.0.0.tgz",
      "integrity": "sha512-1fygroTLlHu66zi26VoTDv8yRgm0Fccecssto+MhsZ0D/DGW2sm8E8AjW7NU5VVTRt5GxbeZ5qBuJr+HyLYkjQ==",
      "dev": true
    },
    "node_modules/pify": {
      "version": "4.0.1",
      "resolved": "https://mirrors.cloud.tencent.com/npm/pify/-/pify-4.0.1.tgz",
      "integrity": "sha512-uB80kBFb/tfd68bVleG9T5GGsGPjJrLAUpR5PZIrhBnIaRTQRjqdJSsIKkOP6OAIFbj7GOrcudc5pNjZ+geV2g==",
      "optional": true,
      "engines": {
        "node": ">=6"
      }
    },
    "node_modules/postcss": {
      "version": "8.4.21",
      "resolved": "https://mirrors.cloud.tencent.com/npm/postcss/-/postcss-8.4.21.tgz",
      "integrity": "sha512-tP7u/Sn/dVxK2NnruI4H9BG+x+Wxz6oeZ1cJ8P6G/PZY0IKk4k/63TDsQf2kQq3+qoJeLm2kIBUNlZe3zgb4Zg==",
      "dev": true,
      "funding": [
        {
          "type": "opencollective",
          "url": "https://opencollective.com/postcss/"
        },
        {
          "type": "tidelift",
          "url": "https://tidelift.com/funding/github/npm/postcss"
        }
      ],
      "dependencies": {
        "nanoid": "^3.3.4",
        "picocolors": "^1.0.0",
        "source-map-js": "^1.0.2"
      },
      "engines": {
        "node": "^10 || ^12 || >=14"
      }
    },
    "node_modules/prr": {
      "version": "1.0.1",
      "resolved": "https://mirrors.cloud.tencent.com/npm/prr/-/prr-1.0.1.tgz",
      "integrity": "sha1-0/wRS6BplaRexok/SEzrHXj19HY=",
      "optional": true
    },
    "node_modules/resolve": {
      "version": "1.22.1",
      "resolved": "https://mirrors.cloud.tencent.com/npm/resolve/-/resolve-1.22.1.tgz",
      "integrity": "sha512-nBpuuYuY5jFsli/JIs1oldw6fOQCBioohqWZg/2hiaOybXOft4lonv85uDOKXdf8rhyK159cxU5cDcK/NKk8zw==",
      "dev": true,
      "dependencies": {
        "is-core-module": "^2.9.0",
        "path-parse": "^1.0.7",
        "supports-preserve-symlinks-flag": "^1.0.0"
      },
      "bin": {
        "resolve": "bin/resolve"
      },
      "funding": {
        "url": "https://github.com/sponsors/ljharb"
      }
    },
    "node_modules/rollup": {
      "version": "2.79.1",
      "resolved": "https://mirrors.cloud.tencent.com/npm/rollup/-/rollup-2.79.1.tgz",
      "integrity": "sha512-uKxbd0IhMZOhjAiD5oAFp7BqvkA4Dv47qpOCtaNvng4HBwdbWtdOh8f5nZNuk2rp51PMGk3bzfWu5oayNEuYnw==",
      "dev": true,
      "bin": {
        "rollup": "dist/bin/rollup"
      },
      "engines": {
        "node": ">=10.0.0"
      },
      "optionalDependencies": {
        "fsevents": "~2.3.2"
      }
    },
    "node_modules/safer-buffer": {
      "version": "2.1.2",
      "resolved": "https://mirrors.cloud.tencent.com/npm/safer-buffer/-/safer-buffer-2.1.2.tgz",
      "integrity": "sha512-YZo3K82SD7Riyi0E1EQPojLz7kpepnSQI9IyPbHHg1XXXevb5dJI7tpyN2ADxGcQbHG7vcyRHk0cbwqcQriUtg==",
      "optional": true
    },
    "node_modules/sax": {
      "version": "1.2.4",
      "resolved": "https://mirrors.cloud.tencent.com/npm/sax/-/sax-1.2.4.tgz",
      "integrity": "sha512-NqVDv9TpANUjFm0N8uM5GxL36UgKi9/atZw+x7YFnQ8ckwFGKrl4xX4yWtrey3UJm5nP1kUbnYgLopqWNSRhWw==",
      "optional": true
    },
    "node_modules/semver": {
      "version": "5.7.1",
      "resolved": "https://mirrors.cloud.tencent.com/npm/semver/-/semver-5.7.1.tgz",
      "integrity": "sha512-sauaDf/PZdVgrLTNYHRtpXa1iRiKcaebiKQ1BJdpQlWH2lCvexQdX55snPFyK7QzpudqbCI0qXFfOasHdyNDGQ==",
      "optional": true,
      "bin": {
        "semver": "bin/semver"
      }
    },
    "node_modules/source-map": {
      "version": "0.6.1",
      "resolved": "https://mirrors.cloud.tencent.com/npm/source-map/-/source-map-0.6.1.tgz",
      "integrity": "sha512-UjgapumWlbMhkBgzT7Ykc5YXUT46F0iKu8SGXq0bcwP5dz/h0Plj6enJqjz1Zbq2l5WaqYnrVbwWOWMyF3F47g==",
      "optional": true,
      "engines": {
        "node": ">=0.10.0"
      }
    },
    "node_modules/source-map-js": {
      "version": "1.0.2",
      "resolved": "https://mirrors.cloud.tencent.com/npm/source-map-js/-/source-map-js-1.0.2.tgz",
      "integrity": "sha512-R0XvVJ9WusLiqTCEiGCmICCMplcCkIwwR11mOSD9CR5u+IXYdiseeEuXCVAjS54zqwkLcPNnmU4OeJ6tUrWhDw==",
      "dev": true,
      "engines": {
        "node": ">=0.10.0"
      }
    },
    "node_modules/supports-preserve-symlinks-flag": {
      "version": "1.0.0",
      "resolved": "https://mirrors.cloud.tencent.com/npm/supports-preserve-symlinks-flag/-/supports-preserve-symlinks-flag-1.0.0.tgz",
      "integrity": "sha512-ot0WnXS9fgdkgIcePe6RHNk1WA8+muPa6cSjeR3V8K27q9BB1rTE3R1p7Hv0z1ZyAc8s6Vvv8DIyWf681MAt0w==",
      "dev": true,
      "engines": {
        "node": ">= 0.4"
      },
      "funding": {
        "url": "https://github.com/sponsors/ljharb"
      }
    },
    "node_modules/tslib": {
      "version": "2.5.0",
      "resolved": "https://mirrors.cloud.tencent.com/npm/tslib/-/tslib-2.5.0.tgz",
      "integrity": "sha512-336iVw3rtn2BUK7ORdIAHTyxHGRIHVReokCR3XjbckJMK7ms8FysBfhLR8IXnAgy7T0PTPNBWKiH514FOW/WSg=="
    },
    "node_modules/vite": {
      "version": "3.2.5",
      "resolved": "https://mirrors.cloud.tencent.com/npm/vite/-/vite-3.2.5.tgz",
      "integrity": "sha512-4mVEpXpSOgrssFZAOmGIr85wPHKvaDAcXqxVxVRZhljkJOMZi1ibLibzjLHzJvcok8BMguLc7g1W6W/GqZbLdQ==",
      "dev": true,
      "dependencies": {
        "esbuild": "^0.15.9",
        "postcss": "^8.4.18",
        "resolve": "^1.22.1",
        "rollup": "^2.79.1"
      },
      "bin": {
        "vite": "bin/vite.js"
      },
      "engines": {
        "node": "^14.18.0 || >=16.0.0"
      },
      "optionalDependencies": {
        "fsevents": "~2.3.2"
      },
      "peerDependencies": {
        "@types/node": ">= 14",
        "less": "*",
        "sass": "*",
        "stylus": "*",
        "sugarss": "*",
        "terser": "^5.4.0"
      },
      "peerDependenciesMeta": {
        "@types/node": {
          "optional": true
        },
        "less": {
          "optional": true
        },
        "sass": {
          "optional": true
        },
        "stylus": {
          "optional": true
        },
        "sugarss": {
          "optional": true
        },
        "terser": {
          "optional": true
        }
      }
    }
  },
  "dependencies": {
    "@esbuild/android-arm": {
      "version": "0.15.18",
      "resolved": "https://mirrors.cloud.tencent.com/npm/@esbuild/android-arm/-/android-arm-0.15.18.tgz",
      "integrity": "sha512-5GT+kcs2WVGjVs7+boataCkO5Fg0y4kCjzkB5bAip7H4jfnOS3dA6KPiww9W1OEKTKeAcUVhdZGvgI65OXmUnw==",
      "dev": true,
      "optional": true
    },
    "@esbuild/linux-loong64": {
      "version": "0.15.18",
      "resolved": "https://mirrors.cloud.tencent.com/npm/@esbuild/linux-loong64/-/linux-loong64-0.15.18.tgz",
      "integrity": "sha512-L4jVKS82XVhw2nvzLg/19ClLWg0y27ulRwuP7lcyL6AbUWB5aPglXY3M21mauDQMDfRLs8cQmeT03r/+X3cZYQ==",
      "dev": true,
      "optional": true
    },
    "copy-anything": {
      "version": "2.0.6",
      "resolved": "https://mirrors.cloud.tencent.com/npm/copy-anything/-/copy-anything-2.0.6.tgz",
      "integrity": "sha512-1j20GZTsvKNkc4BY3NpMOM8tt///wY3FpIzozTOFO2ffuZcV61nojHXVKIy3WM+7ADCy5FVhdZYHYDdgTU0yJw==",
      "requires": {
        "is-what": "^3.14.1"
      }
    },
    "debug": {
      "version": "3.2.7",
      "resolved": "https://mirrors.cloud.tencent.com/npm/debug/-/debug-3.2.7.tgz",
      "integrity": "sha512-CFjzYYAi4ThfiQvizrFQevTTXHtnCqWfe7x1AhgEscTz6ZbLbfoLRLPugTQyBth6f8ZERVUSyWHFD/7Wu4t1XQ==",
      "optional": true,
      "requires": {
        "ms": "^2.1.1"
      }
    },
    "errno": {
      "version": "0.1.8",
      "resolved": "https://mirrors.cloud.tencent.com/npm/errno/-/errno-0.1.8.tgz",
      "integrity": "sha512-dJ6oBr5SQ1VSd9qkk7ByRgb/1SH4JZjCHSW/mr63/QcXO9zLVxvJ6Oy13nio03rxpSnVDDjFor75SjVeZWPW/A==",
      "optional": true,
      "requires": {
        "prr": "~1.0.1"
      }
    },
    "esbuild": {
      "version": "0.15.18",
      "resolved": "https://mirrors.cloud.tencent.com/npm/esbuild/-/esbuild-0.15.18.tgz",
      "integrity": "sha512-x/R72SmW3sSFRm5zrrIjAhCeQSAWoni3CmHEqfQrZIQTM3lVCdehdwuIqaOtfC2slvpdlLa62GYoN8SxT23m6Q==",
      "dev": true,
      "requires": {
        "@esbuild/android-arm": "0.15.18",
        "@esbuild/linux-loong64": "0.15.18",
        "esbuild-android-64": "0.15.18",
        "esbuild-android-arm64": "0.15.18",
        "esbuild-darwin-64": "0.15.18",
        "esbuild-darwin-arm64": "0.15.18",
        "esbuild-freebsd-64": "0.15.18",
        "esbuild-freebsd-arm64": "0.15.18",
        "esbuild-linux-32": "0.15.18",
        "esbuild-linux-64": "0.15.18",
        "esbuild-linux-arm": "0.15.18",
        "esbuild-linux-arm64": "0.15.18",
        "esbuild-linux-mips64le": "0.15.18",
        "esbuild-linux-ppc64le": "0.15.18",
        "esbuild-linux-riscv64": "0.15.18",
        "esbuild-linux-s390x": "0.15.18",
        "esbuild-netbsd-64": "0.15.18",
        "esbuild-openbsd-64": "0.15.18",
        "esbuild-sunos-64": "0.15.18",
        "esbuild-windows-32": "0.15.18",
        "esbuild-windows-64": "0.15.18",
        "esbuild-windows-arm64": "0.15.18"
      }
    },
    "esbuild-android-64": {
      "version": "0.15.18",
      "resolved": "https://mirrors.cloud.tencent.com/npm/esbuild-android-64/-/esbuild-android-64-0.15.18.tgz",
      "integrity": "sha512-wnpt3OXRhcjfIDSZu9bnzT4/TNTDsOUvip0foZOUBG7QbSt//w3QV4FInVJxNhKc/ErhUxc5z4QjHtMi7/TbgA==",
      "dev": true,
      "optional": true
    },
    "esbuild-android-arm64": {
      "version": "0.15.18",
      "resolved": "https://mirrors.cloud.tencent.com/npm/esbuild-android-arm64/-/esbuild-android-arm64-0.15.18.tgz",
      "integrity": "sha512-G4xu89B8FCzav9XU8EjsXacCKSG2FT7wW9J6hOc18soEHJdtWu03L3TQDGf0geNxfLTtxENKBzMSq9LlbjS8OQ==",
      "dev": true,
      "optional": true
    },
    "esbuild-darwin-64": {
      "version": "0.15.18",
      "resolved": "https://mirrors.cloud.tencent.com/npm/esbuild-darwin-64/-/esbuild-darwin-64-0.15.18.tgz",
      "integrity": "sha512-2WAvs95uPnVJPuYKP0Eqx+Dl/jaYseZEUUT1sjg97TJa4oBtbAKnPnl3b5M9l51/nbx7+QAEtuummJZW0sBEmg==",
      "dev": true,
      "optional": true
    },
    "esbuild-darwin-arm64": {
      "version": "0.15.18",
      "resolved": "https://mirrors.cloud.tencent.com/npm/esbuild-darwin-arm64/-/esbuild-darwin-arm64-0.15.18.tgz",
      "integrity": "sha512-tKPSxcTJ5OmNb1btVikATJ8NftlyNlc8BVNtyT/UAr62JFOhwHlnoPrhYWz09akBLHI9nElFVfWSTSRsrZiDUA==",
      "dev": true,
      "optional": true
    },
    "esbuild-freebsd-64": {
      "version": "0.15.18",
      "resolved": "https://mirrors.cloud.tencent.com/npm/esbuild-freebsd-64/-/esbuild-freebsd-64-0.15.18.tgz",
      "integrity": "sha512-TT3uBUxkteAjR1QbsmvSsjpKjOX6UkCstr8nMr+q7zi3NuZ1oIpa8U41Y8I8dJH2fJgdC3Dj3CXO5biLQpfdZA==",
      "dev": true,
      "optional": true
    },
    "esbuild-freebsd-arm64": {
      "version": "0.15.18",
      "resolved": "https://mirrors.cloud.tencent.com/npm/esbuild-freebsd-arm64/-/esbuild-freebsd-arm64-0.15.18.tgz",
      "integrity": "sha512-R/oVr+X3Tkh+S0+tL41wRMbdWtpWB8hEAMsOXDumSSa6qJR89U0S/PpLXrGF7Wk/JykfpWNokERUpCeHDl47wA==",
      "dev": true,
      "optional": true
    },
    "esbuild-linux-32": {
      "version": "0.15.18",
      "resolved": "https://mirrors.cloud.tencent.com/npm/esbuild-linux-32/-/esbuild-linux-32-0.15.18.tgz",
      "integrity": "sha512-lphF3HiCSYtaa9p1DtXndiQEeQDKPl9eN/XNoBf2amEghugNuqXNZA/ZovthNE2aa4EN43WroO0B85xVSjYkbg==",
      "dev": true,
      "optional": true
    },
    "esbuild-linux-64": {
      "version": "0.15.18",
      "resolved": "https://mirrors.cloud.tencent.com/npm/esbuild-linux-64/-/esbuild-linux-64-0.15.18.tgz",
      "integrity": "sha512-hNSeP97IviD7oxLKFuii5sDPJ+QHeiFTFLoLm7NZQligur8poNOWGIgpQ7Qf8Balb69hptMZzyOBIPtY09GZYw==",
      "dev": true,
      "optional": true
    },
    "esbuild-linux-arm": {
      "version": "0.15.18",
      "resolved": "https://mirrors.cloud.tencent.com/npm/esbuild-linux-arm/-/esbuild-linux-arm-0.15.18.tgz",
      "integrity": "sha512-UH779gstRblS4aoS2qpMl3wjg7U0j+ygu3GjIeTonCcN79ZvpPee12Qun3vcdxX+37O5LFxz39XeW2I9bybMVA==",
      "dev": true,
      "optional": true
    },
    "esbuild-linux-arm64": {
      "version": "0.15.18",
      "resolved": "https://mirrors.cloud.tencent.com/npm/esbuild-linux-arm64/-/esbuild-linux-arm64-0.15.18.tgz",
      "integrity": "sha512-54qr8kg/6ilcxd+0V3h9rjT4qmjc0CccMVWrjOEM/pEcUzt8X62HfBSeZfT2ECpM7104mk4yfQXkosY8Quptug==",
      "dev": true,
      "optional": true
    },
    "esbuild-linux-mips64le": {
      "version": "0.15.18",
      "resolved": "https://mirrors.cloud.tencent.com/npm/esbuild-linux-mips64le/-/esbuild-linux-mips64le-0.15.18.tgz",
      "integrity": "sha512-Mk6Ppwzzz3YbMl/ZZL2P0q1tnYqh/trYZ1VfNP47C31yT0K8t9s7Z077QrDA/guU60tGNp2GOwCQnp+DYv7bxQ==",
      "dev": true,
      "optional": true
    },
    "esbuild-linux-ppc64le": {
      "version": "0.15.18",
      "resolved": "https://mirrors.cloud.tencent.com/npm/esbuild-linux-ppc64le/-/esbuild-linux-ppc64le-0.15.18.tgz",
      "integrity": "sha512-b0XkN4pL9WUulPTa/VKHx2wLCgvIAbgwABGnKMY19WhKZPT+8BxhZdqz6EgkqCLld7X5qiCY2F/bfpUUlnFZ9w==",
      "dev": true,
      "optional": true
    },
    "esbuild-linux-riscv64": {
      "version": "0.15.18",
      "resolved": "https://mirrors.cloud.tencent.com/npm/esbuild-linux-riscv64/-/esbuild-linux-riscv64-0.15.18.tgz",
      "integrity": "sha512-ba2COaoF5wL6VLZWn04k+ACZjZ6NYniMSQStodFKH/Pu6RxzQqzsmjR1t9QC89VYJxBeyVPTaHuBMCejl3O/xg==",
      "dev": true,
      "optional": true
    },
    "esbuild-linux-s390x": {
      "version": "0.15.18",
      "resolved": "https://mirrors.cloud.tencent.com/npm/esbuild-linux-s390x/-/esbuild-linux-s390x-0.15.18.tgz",
      "integrity": "sha512-VbpGuXEl5FCs1wDVp93O8UIzl3ZrglgnSQ+Hu79g7hZu6te6/YHgVJxCM2SqfIila0J3k0csfnf8VD2W7u2kzQ==",
      "dev": true,
      "optional": true
    },
    "esbuild-netbsd-64": {
      "version": "0.15.18",
      "resolved": "https://mirrors.cloud.tencent.com/npm/esbuild-netbsd-64/-/esbuild-netbsd-64-0.15.18.tgz",
      "integrity": "sha512-98ukeCdvdX7wr1vUYQzKo4kQ0N2p27H7I11maINv73fVEXt2kyh4K4m9f35U1K43Xc2QGXlzAw0K9yoU7JUjOg==",
      "dev": true,
      "optional": true
    },
    "esbuild-openbsd-64": {
      "version": "0.15.18",
      "resolved": "https://mirrors.cloud.tencent.com/npm/esbuild-openbsd-64/-/esbuild-openbsd-64-0.15.18.tgz",
      "integrity": "sha512-yK5NCcH31Uae076AyQAXeJzt/vxIo9+omZRKj1pauhk3ITuADzuOx5N2fdHrAKPxN+zH3w96uFKlY7yIn490xQ==",
      "dev": true,
      "optional": true
    },
    "esbuild-sunos-64": {
      "version": "0.15.18",
      "resolved": "https://mirrors.cloud.tencent.com/npm/esbuild-sunos-64/-/esbuild-sunos-64-0.15.18.tgz",
      "integrity": "sha512-On22LLFlBeLNj/YF3FT+cXcyKPEI263nflYlAhz5crxtp3yRG1Ugfr7ITyxmCmjm4vbN/dGrb/B7w7U8yJR9yw==",
      "dev": true,
      "optional": true
    },
    "esbuild-windows-32": {
      "version": "0.15.18",
      "resolved": "https://mirrors.cloud.tencent.com/npm/esbuild-windows-32/-/esbuild-windows-32-0.15.18.tgz",
      "integrity": "sha512-o+eyLu2MjVny/nt+E0uPnBxYuJHBvho8vWsC2lV61A7wwTWC3jkN2w36jtA+yv1UgYkHRihPuQsL23hsCYGcOQ==",
      "dev": true,
      "optional": true
    },
    "esbuild-windows-64": {
      "version": "0.15.18",
      "resolved": "https://mirrors.cloud.tencent.com/npm/esbuild-windows-64/-/esbuild-windows-64-0.15.18.tgz",
      "integrity": "sha512-qinug1iTTaIIrCorAUjR0fcBk24fjzEedFYhhispP8Oc7SFvs+XeW3YpAKiKp8dRpizl4YYAhxMjlftAMJiaUw==",
      "dev": true,
      "optional": true
    },
    "esbuild-windows-arm64": {
      "version": "0.15.18",
      "resolved": "https://mirrors.cloud.tencent.com/npm/esbuild-windows-arm64/-/esbuild-windows-arm64-0.15.18.tgz",
      "integrity": "sha512-q9bsYzegpZcLziq0zgUi5KqGVtfhjxGbnksaBFYmWLxeV/S1fK4OLdq2DFYnXcLMjlZw2L0jLsk1eGoB522WXQ==",
      "dev": true,
      "optional": true
    },
    "fsevents": {
      "version": "2.3.2",
      "resolved": "https://mirrors.cloud.tencent.com/npm/fsevents/-/fsevents-2.3.2.tgz",
      "integrity": "sha512-xiqMQR4xAeHTuB9uWm+fFRcIOgKBMiOBP+eXiyT7jsgVCq1bkVygt00oASowB7EdtpOHaaPgKt812P9ab+DDKA==",
      "dev": true,
      "optional": true
    },
    "function-bind": {
      "version": "1.1.1",
      "resolved": "https://mirrors.cloud.tencent.com/npm/function-bind/-/function-bind-1.1.1.tgz",
      "integrity": "sha512-yIovAzMX49sF8Yl58fSCWJ5svSLuaibPxXQJFLmBObTuCr0Mf1KiPopGM9NiFjiYBCbfaa2Fh6breQ6ANVTI0A==",
      "dev": true
    },
    "graceful-fs": {
      "version": "4.2.11",
      "resolved": "https://mirrors.cloud.tencent.com/npm/graceful-fs/-/graceful-fs-4.2.11.tgz",
      "integrity": "sha512-RbJ5/jmFcNNCcDV5o9eTnBLJ/HszWV0P73bc+Ff4nS/rJj+YaS6IGyiOL0VoBYX+l1Wrl3k63h/KrH+nhJ0XvQ==",
      "optional": true
    },
    "has": {
      "version": "1.0.3",
      "resolved": "https://mirrors.cloud.tencent.com/npm/has/-/has-1.0.3.tgz",
      "integrity": "sha512-f2dvO0VU6Oej7RkWJGrehjbzMAjFp5/VKPp5tTpWIV4JHHZK1/BxbFRtf/siA2SWTe09caDmVtYYzWEIbBS4zw==",
      "dev": true,
      "requires": {
        "function-bind": "^1.1.1"
      }
    },
    "iconv-lite": {
      "version": "0.6.3",
      "resolved": "https://mirrors.cloud.tencent.com/npm/iconv-lite/-/iconv-lite-0.6.3.tgz",
      "integrity": "sha512-4fCk79wshMdzMp2rH06qWrJE4iolqLhCUH+OiuIgU++RB0+94NlDL81atO7GX55uUKueo0txHNtvEyI6D7WdMw==",
      "optional": true,
      "requires": {
        "safer-buffer": ">= 2.1.2 < 3.0.0"
      }
    },
    "image-size": {
      "version": "0.5.5",
      "resolved": "https://mirrors.cloud.tencent.com/npm/image-size/-/image-size-0.5.5.tgz",
      "integrity": "sha1-Cd/Uq50g4p6xw+gLiZA3jfnjy5w=",
      "optional": true
    },
    "is-core-module": {
      "version": "2.11.0",
      "resolved": "https://mirrors.cloud.tencent.com/npm/is-core-module/-/is-core-module-2.11.0.tgz",
      "integrity": "sha512-RRjxlvLDkD1YJwDbroBHMb+cukurkDWNyHx7D3oNB5x9rb5ogcksMC5wHCadcXoo67gVr/+3GFySh3134zi6rw==",
      "dev": true,
      "requires": {
        "has": "^1.0.3"
      }
    },
    "is-what": {
      "version": "3.14.1",
      "resolved": "https://mirrors.cloud.tencent.com/npm/is-what/-/is-what-3.14.1.tgz",
      "integrity": "sha512-sNxgpk9793nzSs7bA6JQJGeIuRBQhAaNGG77kzYQgMkrID+lS6SlK07K5LaptscDlSaIgH+GPFzf+d75FVxozA=="
    },
    "less": {
      "version": "4.1.3",
      "resolved": "https://mirrors.cloud.tencent.com/npm/less/-/less-4.1.3.tgz",
      "integrity": "sha512-w16Xk/Ta9Hhyei0Gpz9m7VS8F28nieJaL/VyShID7cYvP6IL5oHeL6p4TXSDJqZE/lNv0oJ2pGVjJsRkfwm5FA==",
      "requires": {
        "copy-anything": "^2.0.1",
        "errno": "^0.1.1",
        "graceful-fs": "^4.1.2",
        "image-size": "~0.5.0",
        "make-dir": "^2.1.0",
        "mime": "^1.4.1",
        "needle": "^3.1.0",
        "parse-node-version": "^1.0.1",
        "source-map": "~0.6.0",
        "tslib": "^2.3.0"
      }
    },
    "make-dir": {
      "version": "2.1.0",
      "resolved": "https://mirrors.cloud.tencent.com/npm/make-dir/-/make-dir-2.1.0.tgz",
      "integrity": "sha512-LS9X+dc8KLxXCb8dni79fLIIUA5VyZoyjSMCwTluaXA0o27cCK0bhXkpgw+sTXVpPy/lSO57ilRixqk0vDmtRA==",
      "optional": true,
      "requires": {
        "pify": "^4.0.1",
        "semver": "^5.6.0"
      }
    },
    "mime": {
      "version": "1.6.0",
      "resolved": "https://mirrors.cloud.tencent.com/npm/mime/-/mime-1.6.0.tgz",
      "integrity": "sha512-x0Vn8spI+wuJ1O6S7gnbaQg8Pxh4NNHb7KSINmEWKiPE4RKOplvijn+NkmYmmRgP68mc70j2EbeTFRsrswaQeg==",
      "optional": true
    },
    "mind-elixir": {
      "version": "2.0.1",
      "resolved": "https://mirrors.cloud.tencent.com/npm/mind-elixir/-/mind-elixir-2.0.1.tgz",
      "integrity": "sha512-x01QLD+8+/7Y3nB00PSEWfNmF4MjkzNM4qIEhT0/zGukzsRbwA6Pc0C/D/DxKQrHT+jLqGE6d9KJKQQVyDG7MQ==",
      "dev": true
    },
    "ms": {
      "version": "2.1.3",
      "resolved": "https://mirrors.cloud.tencent.com/npm/ms/-/ms-2.1.3.tgz",
      "integrity": "sha512-6FlzubTLZG3J2a/NVCAleEhjzq5oxgHyaCU9yYXvcLsvoVaHJq/s5xXI6/XXP6tz7R9xAOtHnSO/tXtF3WRTlA==",
      "optional": true
    },
    "nanoid": {
      "version": "3.3.6",
      "resolved": "https://mirrors.cloud.tencent.com/npm/nanoid/-/nanoid-3.3.6.tgz",
      "integrity": "sha512-BGcqMMJuToF7i1rt+2PWSNVnWIkGCU78jBG3RxO/bZlnZPK2Cmi2QaffxGO/2RvWi9sL+FAiRiXMgsyxQ1DIDA==",
      "dev": true
    },
    "needle": {
      "version": "3.2.0",
      "resolved": "https://mirrors.cloud.tencent.com/npm/needle/-/needle-3.2.0.tgz",
      "integrity": "sha512-oUvzXnyLiVyVGoianLijF9O/RecZUf7TkBfimjGrLM4eQhXyeJwM6GeAWccwfQ9aa4gMCZKqhAOuLaMIcQxajQ==",
      "optional": true,
      "requires": {
        "debug": "^3.2.6",
        "iconv-lite": "^0.6.3",
        "sax": "^1.2.4"
      }
    },
    "parse-node-version": {
      "version": "1.0.1",
      "resolved": "https://mirrors.cloud.tencent.com/npm/parse-node-version/-/parse-node-version-1.0.1.tgz",
      "integrity": "sha512-3YHlOa/JgH6Mnpr05jP9eDG254US9ek25LyIxZlDItp2iJtwyaXQb57lBYLdT3MowkUFYEV2XXNAYIPlESvJlA=="
    },
    "path-parse": {
      "version": "1.0.7",
      "resolved": "https://mirrors.cloud.tencent.com/npm/path-parse/-/path-parse-1.0.7.tgz",
      "integrity": "sha512-LDJzPVEEEPR+y48z93A0Ed0yXb8pAByGWo/k5YYdYgpY2/2EsOsksJrq7lOHxryrVOn1ejG6oAp8ahvOIQD8sw==",
      "dev": true
    },
    "picocolors": {
      "version": "1.0.0",
      "resolved": "https://mirrors.cloud.tencent.com/npm/picocolors/-/picocolors-1.0.0.tgz",
      "integrity": "sha512-1fygroTLlHu66zi26VoTDv8yRgm0Fccecssto+MhsZ0D/DGW2sm8E8AjW7NU5VVTRt5GxbeZ5qBuJr+HyLYkjQ==",
      "dev": true
    },
    "pify": {
      "version": "4.0.1",
      "resolved": "https://mirrors.cloud.tencent.com/npm/pify/-/pify-4.0.1.tgz",
      "integrity": "sha512-uB80kBFb/tfd68bVleG9T5GGsGPjJrLAUpR5PZIrhBnIaRTQRjqdJSsIKkOP6OAIFbj7GOrcudc5pNjZ+geV2g==",
      "optional": true
    },
    "postcss": {
      "version": "8.4.21",
      "resolved": "https://mirrors.cloud.tencent.com/npm/postcss/-/postcss-8.4.21.tgz",
      "integrity": "sha512-tP7u/Sn/dVxK2NnruI4H9BG+x+Wxz6oeZ1cJ8P6G/PZY0IKk4k/63TDsQf2kQq3+qoJeLm2kIBUNlZe3zgb4Zg==",
      "dev": true,
      "requires": {
        "nanoid": "^3.3.4",
        "picocolors": "^1.0.0",
        "source-map-js": "^1.0.2"
      }
    },
    "prr": {
      "version": "1.0.1",
      "resolved": "https://mirrors.cloud.tencent.com/npm/prr/-/prr-1.0.1.tgz",
      "integrity": "sha1-0/wRS6BplaRexok/SEzrHXj19HY=",
      "optional": true
    },
    "resolve": {
      "version": "1.22.1",
      "resolved": "https://mirrors.cloud.tencent.com/npm/resolve/-/resolve-1.22.1.tgz",
      "integrity": "sha512-nBpuuYuY5jFsli/JIs1oldw6fOQCBioohqWZg/2hiaOybXOft4lonv85uDOKXdf8rhyK159cxU5cDcK/NKk8zw==",
      "dev": true,
      "requires": {
        "is-core-module": "^2.9.0",
        "path-parse": "^1.0.7",
        "supports-preserve-symlinks-flag": "^1.0.0"
      }
    },
    "rollup": {
      "version": "2.79.1",
      "resolved": "https://mirrors.cloud.tencent.com/npm/rollup/-/rollup-2.79.1.tgz",
      "integrity": "sha512-uKxbd0IhMZOhjAiD5oAFp7BqvkA4Dv47qpOCtaNvng4HBwdbWtdOh8f5nZNuk2rp51PMGk3bzfWu5oayNEuYnw==",
      "dev": true,
      "requires": {
        "fsevents": "~2.3.2"
      }
    },
    "safer-buffer": {
      "version": "2.1.2",
      "resolved": "https://mirrors.cloud.tencent.com/npm/safer-buffer/-/safer-buffer-2.1.2.tgz",
      "integrity": "sha512-YZo3K82SD7Riyi0E1EQPojLz7kpepnSQI9IyPbHHg1XXXevb5dJI7tpyN2ADxGcQbHG7vcyRHk0cbwqcQriUtg==",
      "optional": true
    },
    "sax": {
      "version": "1.2.4",
      "resolved": "https://mirrors.cloud.tencent.com/npm/sax/-/sax-1.2.4.tgz",
      "integrity": "sha512-NqVDv9TpANUjFm0N8uM5GxL36UgKi9/atZw+x7YFnQ8ckwFGKrl4xX4yWtrey3UJm5nP1kUbnYgLopqWNSRhWw==",
      "optional": true
    },
    "semver": {
      "version": "5.7.1",
      "resolved": "https://mirrors.cloud.tencent.com/npm/semver/-/semver-5.7.1.tgz",
      "integrity": "sha512-sauaDf/PZdVgrLTNYHRtpXa1iRiKcaebiKQ1BJdpQlWH2lCvexQdX55snPFyK7QzpudqbCI0qXFfOasHdyNDGQ==",
      "optional": true
    },
    "source-map": {
      "version": "0.6.1",
      "resolved": "https://mirrors.cloud.tencent.com/npm/source-map/-/source-map-0.6.1.tgz",
      "integrity": "sha512-UjgapumWlbMhkBgzT7Ykc5YXUT46F0iKu8SGXq0bcwP5dz/h0Plj6enJqjz1Zbq2l5WaqYnrVbwWOWMyF3F47g==",
      "optional": true
    },
    "source-map-js": {
      "version": "1.0.2",
      "resolved": "https://mirrors.cloud.tencent.com/npm/source-map-js/-/source-map-js-1.0.2.tgz",
      "integrity": "sha512-R0XvVJ9WusLiqTCEiGCmICCMplcCkIwwR11mOSD9CR5u+IXYdiseeEuXCVAjS54zqwkLcPNnmU4OeJ6tUrWhDw==",
      "dev": true
    },
    "supports-preserve-symlinks-flag": {
      "version": "1.0.0",
      "resolved": "https://mirrors.cloud.tencent.com/npm/supports-preserve-symlinks-flag/-/supports-preserve-symlinks-flag-1.0.0.tgz",
      "integrity": "sha512-ot0WnXS9fgdkgIcePe6RHNk1WA8+muPa6cSjeR3V8K27q9BB1rTE3R1p7Hv0z1ZyAc8s6Vvv8DIyWf681MAt0w==",
      "dev": true
    },
    "tslib": {
      "version": "2.5.0",
      "resolved": "https://mirrors.cloud.tencent.com/npm/tslib/-/tslib-2.5.0.tgz",
      "integrity": "sha512-336iVw3rtn2BUK7ORdIAHTyxHGRIHVReokCR3XjbckJMK7ms8FysBfhLR8IXnAgy7T0PTPNBWKiH514FOW/WSg=="
    },
    "vite": {
      "version": "3.2.5",
      "resolved": "https://mirrors.cloud.tencent.com/npm/vite/-/vite-3.2.5.tgz",
      "integrity": "sha512-4mVEpXpSOgrssFZAOmGIr85wPHKvaDAcXqxVxVRZhljkJOMZi1ibLibzjLHzJvcok8BMguLc7g1W6W/GqZbLdQ==",
      "dev": true,
      "requires": {
        "esbuild": "^0.15.9",
        "fsevents": "~2.3.2",
        "postcss": "^8.4.18",
        "resolve": "^1.22.1",
        "rollup": "^2.79.1"
      }
    }
  }
}
